// !$*UTF8*$!
{
	archiveVersion = 1;
	classes = {
	};
	objectVersion = 55;
	objects = {

/* Begin PBXBuildFile section */
		9903BA8F2897460F0013A5CB /* AppDelegate.swift in Sources */ = {isa = PBXBuildFile; fileRef = 9903BA8E2897460F0013A5CB /* AppDelegate.swift */; };
		9903BA912897460F0013A5CB /* SceneDelegate.swift in Sources */ = {isa = PBXBuildFile; fileRef = 9903BA902897460F0013A5CB /* SceneDelegate.swift */; };
		9903BA98289746100013A5CB /* Assets.xcassets in Resources */ = {isa = PBXBuildFile; fileRef = 9903BA97289746100013A5CB /* Assets.xcassets */; };
		9903BA9B289746100013A5CB /* LaunchScreen.storyboard in Resources */ = {isa = PBXBuildFile; fileRef = 9903BA99289746100013A5CB /* LaunchScreen.storyboard */; };
		9903BAA328974D990013A5CB /* SearchViewController.swift in Sources */ = {isa = PBXBuildFile; fileRef = 9903BAA228974D990013A5CB /* SearchViewController.swift */; };
		9903BAA628974E1E0013A5CB /* FavoritesListViewController.swift in Sources */ = {isa = PBXBuildFile; fileRef = 9903BAA528974E1E0013A5CB /* FavoritesListViewController.swift */; };
		9903BAA8289753210013A5CB /* MainTabBarController.swift in Sources */ = {isa = PBXBuildFile; fileRef = 9903BAA7289753210013A5CB /* MainTabBarController.swift */; };
		9903BAB02897589C0013A5CB /* GetFollowersButton.swift in Sources */ = {isa = PBXBuildFile; fileRef = 9903BAAF2897589C0013A5CB /* GetFollowersButton.swift */; };
		9903BAB928975C3C0013A5CB /* UsernameTextField.swift in Sources */ = {isa = PBXBuildFile; fileRef = 9903BAB828975C3C0013A5CB /* UsernameTextField.swift */; };
		9903BABD289767210013A5CB /* FollowerListViewController.swift in Sources */ = {isa = PBXBuildFile; fileRef = 9903BABC289767210013A5CB /* FollowerListViewController.swift */; };
		9903BABF2897E6C50013A5CB /* TitleLabel.swift in Sources */ = {isa = PBXBuildFile; fileRef = 9903BABE2897E6C50013A5CB /* TitleLabel.swift */; };
		9903BAC12897E8470013A5CB /* BodyLabel.swift in Sources */ = {isa = PBXBuildFile; fileRef = 9903BAC02897E8470013A5CB /* BodyLabel.swift */; };
		9903BAC52897E9440013A5CB /* CustomAlertViewController.swift in Sources */ = {isa = PBXBuildFile; fileRef = 9903BAC42897E9440013A5CB /* CustomAlertViewController.swift */; };
		9903BAC82897F2A90013A5CB /* UIViewController+Extension.swift in Sources */ = {isa = PBXBuildFile; fileRef = 9903BAC72897F2A90013A5CB /* UIViewController+Extension.swift */; };
		9903BACF28980A390013A5CB /* FollowerModel.swift in Sources */ = {isa = PBXBuildFile; fileRef = 9903BACE28980A390013A5CB /* FollowerModel.swift */; };
		9903BAD128980B960013A5CB /* FollowerProfileModel.swift in Sources */ = {isa = PBXBuildFile; fileRef = 9903BAD028980B960013A5CB /* FollowerProfileModel.swift */; };
		9903BAD4289823BE0013A5CB /* NetworkManager.swift in Sources */ = {isa = PBXBuildFile; fileRef = 9903BAD3289823BE0013A5CB /* NetworkManager.swift */; };
		9903BAD728982DF90013A5CB /* GetFollowersErrorMessage.swift in Sources */ = {isa = PBXBuildFile; fileRef = 9903BAD628982DF90013A5CB /* GetFollowersErrorMessage.swift */; };
		9903BAD92898379F0013A5CB /* FollowerListCollectionViewCell.swift in Sources */ = {isa = PBXBuildFile; fileRef = 9903BAD82898379F0013A5CB /* FollowerListCollectionViewCell.swift */; };
		9903BADB28983A450013A5CB /* FollowerProfileImage.swift in Sources */ = {isa = PBXBuildFile; fileRef = 9903BADA28983A450013A5CB /* FollowerProfileImage.swift */; };
		9903BADF28986F420013A5CB /* UIHelper.swift in Sources */ = {isa = PBXBuildFile; fileRef = 9903BADE28986F420013A5CB /* UIHelper.swift */; };
		9903BAE128988FB00013A5CB /* NoFollowersEmptyView.swift in Sources */ = {isa = PBXBuildFile; fileRef = 9903BAE028988FB00013A5CB /* NoFollowersEmptyView.swift */; };
		994CFD2D28997A91002A28AE /* SecondaryTitleLabel.swift in Sources */ = {isa = PBXBuildFile; fileRef = 994CFD2C28997A91002A28AE /* SecondaryTitleLabel.swift */; };
		994CFD30289982D0002A28AE /* FollowerProfileHeaderViewController.swift in Sources */ = {isa = PBXBuildFile; fileRef = 994CFD2F289982D0002A28AE /* FollowerProfileHeaderViewController.swift */; };
		994CFD3228998DBB002A28AE /* Constants.swift in Sources */ = {isa = PBXBuildFile; fileRef = 994CFD3128998DBB002A28AE /* Constants.swift */; };
		99E6A0A8289961B200F39D21 /* FollowerUserInfoViewController.swift in Sources */ = {isa = PBXBuildFile; fileRef = 99E6A0A7289961B200F39D21 /* FollowerUserInfoViewController.swift */; };
/* End PBXBuildFile section */

/* Begin PBXFileReference section */
		9903BA8B2897460F0013A5CB /* githubFollowersApp.app */ = {isa = PBXFileReference; explicitFileType = wrapper.application; includeInIndex = 0; path = githubFollowersApp.app; sourceTree = BUILT_PRODUCTS_DIR; };
		9903BA8E2897460F0013A5CB /* AppDelegate.swift */ = {isa = PBXFileReference; lastKnownFileType = sourcecode.swift; path = AppDelegate.swift; sourceTree = "<group>"; };
		9903BA902897460F0013A5CB /* SceneDelegate.swift */ = {isa = PBXFileReference; lastKnownFileType = sourcecode.swift; path = SceneDelegate.swift; sourceTree = "<group>"; };
		9903BA97289746100013A5CB /* Assets.xcassets */ = {isa = PBXFileReference; lastKnownFileType = folder.assetcatalog; path = Assets.xcassets; sourceTree = "<group>"; };
		9903BA9A289746100013A5CB /* Base */ = {isa = PBXFileReference; lastKnownFileType = file.storyboard; name = Base; path = Base.lproj/LaunchScreen.storyboard; sourceTree = "<group>"; };
		9903BA9C289746100013A5CB /* Info.plist */ = {isa = PBXFileReference; lastKnownFileType = text.plist.xml; path = Info.plist; sourceTree = "<group>"; };
		9903BAA228974D990013A5CB /* SearchViewController.swift */ = {isa = PBXFileReference; lastKnownFileType = sourcecode.swift; path = SearchViewController.swift; sourceTree = "<group>"; };
		9903BAA528974E1E0013A5CB /* FavoritesListViewController.swift */ = {isa = PBXFileReference; lastKnownFileType = sourcecode.swift; path = FavoritesListViewController.swift; sourceTree = "<group>"; };
		9903BAA7289753210013A5CB /* MainTabBarController.swift */ = {isa = PBXFileReference; lastKnownFileType = sourcecode.swift; path = MainTabBarController.swift; sourceTree = "<group>"; };
		9903BAAF2897589C0013A5CB /* GetFollowersButton.swift */ = {isa = PBXFileReference; lastKnownFileType = sourcecode.swift; path = GetFollowersButton.swift; sourceTree = "<group>"; };
		9903BAB828975C3C0013A5CB /* UsernameTextField.swift */ = {isa = PBXFileReference; lastKnownFileType = sourcecode.swift; path = UsernameTextField.swift; sourceTree = "<group>"; };
		9903BABC289767210013A5CB /* FollowerListViewController.swift */ = {isa = PBXFileReference; lastKnownFileType = sourcecode.swift; path = FollowerListViewController.swift; sourceTree = "<group>"; };
		9903BABE2897E6C50013A5CB /* TitleLabel.swift */ = {isa = PBXFileReference; lastKnownFileType = sourcecode.swift; path = TitleLabel.swift; sourceTree = "<group>"; };
		9903BAC02897E8470013A5CB /* BodyLabel.swift */ = {isa = PBXFileReference; lastKnownFileType = sourcecode.swift; path = BodyLabel.swift; sourceTree = "<group>"; };
		9903BAC42897E9440013A5CB /* CustomAlertViewController.swift */ = {isa = PBXFileReference; lastKnownFileType = sourcecode.swift; path = CustomAlertViewController.swift; sourceTree = "<group>"; };
		9903BAC72897F2A90013A5CB /* UIViewController+Extension.swift */ = {isa = PBXFileReference; lastKnownFileType = sourcecode.swift; path = "UIViewController+Extension.swift"; sourceTree = "<group>"; };
		9903BACE28980A390013A5CB /* FollowerModel.swift */ = {isa = PBXFileReference; lastKnownFileType = sourcecode.swift; path = FollowerModel.swift; sourceTree = "<group>"; };
		9903BAD028980B960013A5CB /* FollowerProfileModel.swift */ = {isa = PBXFileReference; lastKnownFileType = sourcecode.swift; path = FollowerProfileModel.swift; sourceTree = "<group>"; };
		9903BAD3289823BE0013A5CB /* NetworkManager.swift */ = {isa = PBXFileReference; lastKnownFileType = sourcecode.swift; path = NetworkManager.swift; sourceTree = "<group>"; };
		9903BAD628982DF90013A5CB /* GetFollowersErrorMessage.swift */ = {isa = PBXFileReference; lastKnownFileType = sourcecode.swift; path = GetFollowersErrorMessage.swift; sourceTree = "<group>"; };
		9903BAD82898379F0013A5CB /* FollowerListCollectionViewCell.swift */ = {isa = PBXFileReference; lastKnownFileType = sourcecode.swift; path = FollowerListCollectionViewCell.swift; sourceTree = "<group>"; };
		9903BADA28983A450013A5CB /* FollowerProfileImage.swift */ = {isa = PBXFileReference; lastKnownFileType = sourcecode.swift; path = FollowerProfileImage.swift; sourceTree = "<group>"; };
		9903BADE28986F420013A5CB /* UIHelper.swift */ = {isa = PBXFileReference; lastKnownFileType = sourcecode.swift; path = UIHelper.swift; sourceTree = "<group>"; };
		9903BAE028988FB00013A5CB /* NoFollowersEmptyView.swift */ = {isa = PBXFileReference; lastKnownFileType = sourcecode.swift; path = NoFollowersEmptyView.swift; sourceTree = "<group>"; };
		994CFD2C28997A91002A28AE /* SecondaryTitleLabel.swift */ = {isa = PBXFileReference; lastKnownFileType = sourcecode.swift; path = SecondaryTitleLabel.swift; sourceTree = "<group>"; };
		994CFD2F289982D0002A28AE /* FollowerProfileHeaderViewController.swift */ = {isa = PBXFileReference; lastKnownFileType = sourcecode.swift; path = FollowerProfileHeaderViewController.swift; sourceTree = "<group>"; };
		994CFD3128998DBB002A28AE /* Constants.swift */ = {isa = PBXFileReference; lastKnownFileType = sourcecode.swift; path = Constants.swift; sourceTree = "<group>"; };
		99E6A0A7289961B200F39D21 /* FollowerUserInfoViewController.swift */ = {isa = PBXFileReference; lastKnownFileType = sourcecode.swift; path = FollowerUserInfoViewController.swift; sourceTree = "<group>"; };
/* End PBXFileReference section */

/* Begin PBXFrameworksBuildPhase section */
		9903BA882897460F0013A5CB /* Frameworks */ = {
			isa = PBXFrameworksBuildPhase;
			buildActionMask = 2147483647;
			files = (
			);
			runOnlyForDeploymentPostprocessing = 0;
		};
/* End PBXFrameworksBuildPhase section */

/* Begin PBXGroup section */
		9903BA822897460F0013A5CB = {
			isa = PBXGroup;
			children = (
				9903BA8D2897460F0013A5CB /* githubFollowersApp */,
				9903BA8C2897460F0013A5CB /* Products */,
			);
			sourceTree = "<group>";
		};
		9903BA8C2897460F0013A5CB /* Products */ = {
			isa = PBXGroup;
			children = (
				9903BA8B2897460F0013A5CB /* githubFollowersApp.app */,
			);
			name = Products;
			sourceTree = "<group>";
		};
		9903BA8D2897460F0013A5CB /* githubFollowersApp */ = {
			isa = PBXGroup;
			children = (
				9903BAAC289753640013A5CB /* Application */,
				9903BAAA289753570013A5CB /* Sources */,
				9903BAA9289753510013A5CB /* Resources */,
			);
			path = githubFollowersApp;
			sourceTree = "<group>";
		};
		9903BAA9289753510013A5CB /* Resources */ = {
			isa = PBXGroup;
			children = (
				9903BA97289746100013A5CB /* Assets.xcassets */,
				9903BA99289746100013A5CB /* LaunchScreen.storyboard */,
				9903BA9C289746100013A5CB /* Info.plist */,
			);
			path = Resources;
			sourceTree = "<group>";
		};
		9903BAAA289753570013A5CB /* Sources */ = {
			isa = PBXGroup;
			children = (
				9903BAAB2897535C0013A5CB /* Modules */,
			);
			path = Sources;
			sourceTree = "<group>";
		};
		9903BAAB2897535C0013A5CB /* Modules */ = {
			isa = PBXGroup;
			children = (
				9903BACD2897FCCB0013A5CB /* TabBar */,
				9903BAD2289823B30013A5CB /* Persistence */,
				994CFD2E28998149002A28AE /* Views */,
				9903BAB228975B890013A5CB /* Search */,
				9903BAC92897FCA40013A5CB /* FollowerList */,
				99E6A0A52899617E00F39D21 /* FollowerUserInfo */,
				9903BAB328975B960013A5CB /* Favorites */,
				9903BAD528982DE80013A5CB /* Utilities */,
				9903BAC62897F2970013A5CB /* Extensions */,
			);
			path = Modules;
			sourceTree = "<group>";
		};
		9903BAAC289753640013A5CB /* Application */ = {
			isa = PBXGroup;
			children = (
				9903BA8E2897460F0013A5CB /* AppDelegate.swift */,
				9903BA902897460F0013A5CB /* SceneDelegate.swift */,
			);
			path = Application;
			sourceTree = "<group>";
		};
		9903BAAD289753A00013A5CB /* Controller */ = {
			isa = PBXGroup;
			children = (
				9903BAA228974D990013A5CB /* SearchViewController.swift */,
			);
			path = Controller;
			sourceTree = "<group>";
		};
		9903BAAE289758690013A5CB /* View */ = {
			isa = PBXGroup;
			children = (
				9903BAAF2897589C0013A5CB /* GetFollowersButton.swift */,
				9903BAB828975C3C0013A5CB /* UsernameTextField.swift */,
			);
			path = View;
			sourceTree = "<group>";
		};
		9903BAB128975B670013A5CB /* Model */ = {
			isa = PBXGroup;
			children = (
			);
			path = Model;
			sourceTree = "<group>";
		};
		9903BAB228975B890013A5CB /* Search */ = {
			isa = PBXGroup;
			children = (
				9903BAB128975B670013A5CB /* Model */,
				9903BAAE289758690013A5CB /* View */,
				9903BAAD289753A00013A5CB /* Controller */,
			);
			path = Search;
			sourceTree = "<group>";
		};
		9903BAB328975B960013A5CB /* Favorites */ = {
			isa = PBXGroup;
			children = (
				9903BAB428975BA80013A5CB /* Model */,
				9903BAB528975BAC0013A5CB /* View */,
				9903BAB628975BAF0013A5CB /* Controller */,
			);
			path = Favorites;
			sourceTree = "<group>";
		};
		9903BAB428975BA80013A5CB /* Model */ = {
			isa = PBXGroup;
			children = (
			);
			path = Model;
			sourceTree = "<group>";
		};
		9903BAB528975BAC0013A5CB /* View */ = {
			isa = PBXGroup;
			children = (
			);
			path = View;
			sourceTree = "<group>";
		};
		9903BAB628975BAF0013A5CB /* Controller */ = {
			isa = PBXGroup;
			children = (
				9903BAA528974E1E0013A5CB /* FavoritesListViewController.swift */,
			);
			path = Controller;
			sourceTree = "<group>";
		};
		9903BAC62897F2970013A5CB /* Extensions */ = {
			isa = PBXGroup;
			children = (
				9903BAC72897F2A90013A5CB /* UIViewController+Extension.swift */,
			);
			path = Extensions;
			sourceTree = "<group>";
		};
		9903BAC92897FCA40013A5CB /* FollowerList */ = {
			isa = PBXGroup;
			children = (
				9903BACA2897FCAD0013A5CB /* Model */,
				9903BACB2897FCB20013A5CB /* View */,
				9903BACC2897FCB60013A5CB /* Controller */,
			);
			path = FollowerList;
			sourceTree = "<group>";
		};
		9903BACA2897FCAD0013A5CB /* Model */ = {
			isa = PBXGroup;
			children = (
				9903BACE28980A390013A5CB /* FollowerModel.swift */,
			);
			path = Model;
			sourceTree = "<group>";
		};
		9903BACB2897FCB20013A5CB /* View */ = {
			isa = PBXGroup;
			children = (
				9903BAD82898379F0013A5CB /* FollowerListCollectionViewCell.swift */,
				9903BADA28983A450013A5CB /* FollowerProfileImage.swift */,
				9903BAE028988FB00013A5CB /* NoFollowersEmptyView.swift */,
			);
			path = View;
			sourceTree = "<group>";
		};
		9903BACC2897FCB60013A5CB /* Controller */ = {
			isa = PBXGroup;
			children = (
				9903BABC289767210013A5CB /* FollowerListViewController.swift */,
			);
			path = Controller;
			sourceTree = "<group>";
		};
		9903BACD2897FCCB0013A5CB /* TabBar */ = {
			isa = PBXGroup;
			children = (
				9903BAA7289753210013A5CB /* MainTabBarController.swift */,
			);
			path = TabBar;
			sourceTree = "<group>";
		};
		9903BAD2289823B30013A5CB /* Persistence */ = {
			isa = PBXGroup;
			children = (
				9903BAD3289823BE0013A5CB /* NetworkManager.swift */,
			);
			path = Persistence;
			sourceTree = "<group>";
		};
		9903BAD528982DE80013A5CB /* Utilities */ = {
			isa = PBXGroup;
			children = (
				9903BAD628982DF90013A5CB /* GetFollowersErrorMessage.swift */,
				9903BADE28986F420013A5CB /* UIHelper.swift */,
				994CFD3128998DBB002A28AE /* Constants.swift */,
			);
			path = Utilities;
			sourceTree = "<group>";
		};
		994CFD2E28998149002A28AE /* Views */ = {
			isa = PBXGroup;
			children = (
				9903BAC42897E9440013A5CB /* CustomAlertViewController.swift */,
				9903BABE2897E6C50013A5CB /* TitleLabel.swift */,
				9903BAC02897E8470013A5CB /* BodyLabel.swift */,
			);
			path = Views;
			sourceTree = "<group>";
		};
		99E6A0A52899617E00F39D21 /* FollowerUserInfo */ = {
			isa = PBXGroup;
			children = (
				99E6A0AA28996B1400F39D21 /* Model */,
				99E6A0A928996B0D00F39D21 /* View */,
				99E6A0A62899619000F39D21 /* Controller */,
			);
			path = FollowerUserInfo;
			sourceTree = "<group>";
		};
		99E6A0A62899619000F39D21 /* Controller */ = {
			isa = PBXGroup;
			children = (
				99E6A0A7289961B200F39D21 /* FollowerUserInfoViewController.swift */,
			);
			path = Controller;
			sourceTree = "<group>";
		};
		99E6A0A928996B0D00F39D21 /* View */ = {
			isa = PBXGroup;
			children = (
				994CFD2C28997A91002A28AE /* SecondaryTitleLabel.swift */,
				994CFD2F289982D0002A28AE /* FollowerProfileHeaderViewController.swift */,
			);
			path = View;
			sourceTree = "<group>";
		};
		99E6A0AA28996B1400F39D21 /* Model */ = {
			isa = PBXGroup;
			children = (
				9903BAD028980B960013A5CB /* FollowerProfileModel.swift */,
			);
			path = Model;
			sourceTree = "<group>";
		};
/* End PBXGroup section */

/* Begin PBXNativeTarget section */
		9903BA8A2897460F0013A5CB /* githubFollowersApp */ = {
			isa = PBXNativeTarget;
			buildConfigurationList = 9903BA9F289746100013A5CB /* Build configuration list for PBXNativeTarget "githubFollowersApp" */;
			buildPhases = (
				9903BA872897460F0013A5CB /* Sources */,
				9903BA882897460F0013A5CB /* Frameworks */,
				9903BA892897460F0013A5CB /* Resources */,
			);
			buildRules = (
			);
			dependencies = (
			);
			name = githubFollowersApp;
			productName = githubFollowersApp;
			productReference = 9903BA8B2897460F0013A5CB /* githubFollowersApp.app */;
			productType = "com.apple.product-type.application";
		};
/* End PBXNativeTarget section */

/* Begin PBXProject section */
		9903BA832897460F0013A5CB /* Project object */ = {
			isa = PBXProject;
			attributes = {
				BuildIndependentTargetsInParallel = 1;
				LastSwiftUpdateCheck = 1340;
				LastUpgradeCheck = 1340;
				TargetAttributes = {
					9903BA8A2897460F0013A5CB = {
						CreatedOnToolsVersion = 13.4.1;
					};
				};
			};
			buildConfigurationList = 9903BA862897460F0013A5CB /* Build configuration list for PBXProject "githubFollowersApp" */;
			compatibilityVersion = "Xcode 13.0";
			developmentRegion = en;
			hasScannedForEncodings = 0;
			knownRegions = (
				en,
				Base,
			);
			mainGroup = 9903BA822897460F0013A5CB;
			productRefGroup = 9903BA8C2897460F0013A5CB /* Products */;
			projectDirPath = "";
			projectRoot = "";
			targets = (
				9903BA8A2897460F0013A5CB /* githubFollowersApp */,
			);
		};
/* End PBXProject section */

/* Begin PBXResourcesBuildPhase section */
		9903BA892897460F0013A5CB /* Resources */ = {
			isa = PBXResourcesBuildPhase;
			buildActionMask = 2147483647;
			files = (
				9903BA9B289746100013A5CB /* LaunchScreen.storyboard in Resources */,
				9903BA98289746100013A5CB /* Assets.xcassets in Resources */,
			);
			runOnlyForDeploymentPostprocessing = 0;
		};
/* End PBXResourcesBuildPhase section */

/* Begin PBXSourcesBuildPhase section */
		9903BA872897460F0013A5CB /* Sources */ = {
			isa = PBXSourcesBuildPhase;
			buildActionMask = 2147483647;
			files = (
				9903BAC82897F2A90013A5CB /* UIViewController+Extension.swift in Sources */,
				99E6A0A8289961B200F39D21 /* FollowerUserInfoViewController.swift in Sources */,
				9903BAE128988FB00013A5CB /* NoFollowersEmptyView.swift in Sources */,
				9903BADB28983A450013A5CB /* FollowerProfileImage.swift in Sources */,
				9903BABD289767210013A5CB /* FollowerListViewController.swift in Sources */,
				9903BAB02897589C0013A5CB /* GetFollowersButton.swift in Sources */,
				9903BAA628974E1E0013A5CB /* FavoritesListViewController.swift in Sources */,
				9903BAC52897E9440013A5CB /* CustomAlertViewController.swift in Sources */,
				9903BACF28980A390013A5CB /* FollowerModel.swift in Sources */,
				9903BAC12897E8470013A5CB /* BodyLabel.swift in Sources */,
				9903BAA328974D990013A5CB /* SearchViewController.swift in Sources */,
				9903BAD128980B960013A5CB /* FollowerProfileModel.swift in Sources */,
				9903BABF2897E6C50013A5CB /* TitleLabel.swift in Sources */,
				994CFD30289982D0002A28AE /* FollowerProfileHeaderViewController.swift in Sources */,
				9903BAA8289753210013A5CB /* MainTabBarController.swift in Sources */,
				9903BA8F2897460F0013A5CB /* AppDelegate.swift in Sources */,
				9903BAD728982DF90013A5CB /* GetFollowersErrorMessage.swift in Sources */,
				9903BAD4289823BE0013A5CB /* NetworkManager.swift in Sources */,
				9903BADF28986F420013A5CB /* UIHelper.swift in Sources */,
				994CFD2D28997A91002A28AE /* SecondaryTitleLabel.swift in Sources */,
				9903BA912897460F0013A5CB /* SceneDelegate.swift in Sources */,
				9903BAB928975C3C0013A5CB /* UsernameTextField.swift in Sources */,
				9903BAD92898379F0013A5CB /* FollowerListCollectionViewCell.swift in Sources */,
				994CFD3228998DBB002A28AE /* Constants.swift in Sources */,
			);
			runOnlyForDeploymentPostprocessing = 0;
		};
/* End PBXSourcesBuildPhase section */

/* Begin PBXVariantGroup section */
		9903BA99289746100013A5CB /* LaunchScreen.storyboard */ = {
			isa = PBXVariantGroup;
			children = (
				9903BA9A289746100013A5CB /* Base */,
			);
			name = LaunchScreen.storyboard;
			sourceTree = "<group>";
		};
/* End PBXVariantGroup section */

/* Begin XCBuildConfiguration section */
		9903BA9D289746100013A5CB /* Debug */ = {
			isa = XCBuildConfiguration;
			buildSettings = {
				ALWAYS_SEARCH_USER_PATHS = NO;
				CLANG_ANALYZER_NONNULL = YES;
				CLANG_ANALYZER_NUMBER_OBJECT_CONVERSION = YES_AGGRESSIVE;
				CLANG_CXX_LANGUAGE_STANDARD = "gnu++17";
				CLANG_ENABLE_MODULES = YES;
				CLANG_ENABLE_OBJC_ARC = YES;
				CLANG_ENABLE_OBJC_WEAK = YES;
				CLANG_WARN_BLOCK_CAPTURE_AUTORELEASING = YES;
				CLANG_WARN_BOOL_CONVERSION = YES;
				CLANG_WARN_COMMA = YES;
				CLANG_WARN_CONSTANT_CONVERSION = YES;
				CLANG_WARN_DEPRECATED_OBJC_IMPLEMENTATIONS = YES;
				CLANG_WARN_DIRECT_OBJC_ISA_USAGE = YES_ERROR;
				CLANG_WARN_DOCUMENTATION_COMMENTS = YES;
				CLANG_WARN_EMPTY_BODY = YES;
				CLANG_WARN_ENUM_CONVERSION = YES;
				CLANG_WARN_INFINITE_RECURSION = YES;
				CLANG_WARN_INT_CONVERSION = YES;
				CLANG_WARN_NON_LITERAL_NULL_CONVERSION = YES;
				CLANG_WARN_OBJC_IMPLICIT_RETAIN_SELF = YES;
				CLANG_WARN_OBJC_LITERAL_CONVERSION = YES;
				CLANG_WARN_OBJC_ROOT_CLASS = YES_ERROR;
				CLANG_WARN_QUOTED_INCLUDE_IN_FRAMEWORK_HEADER = YES;
				CLANG_WARN_RANGE_LOOP_ANALYSIS = YES;
				CLANG_WARN_STRICT_PROTOTYPES = YES;
				CLANG_WARN_SUSPICIOUS_MOVE = YES;
				CLANG_WARN_UNGUARDED_AVAILABILITY = YES_AGGRESSIVE;
				CLANG_WARN_UNREACHABLE_CODE = YES;
				CLANG_WARN__DUPLICATE_METHOD_MATCH = YES;
				COPY_PHASE_STRIP = NO;
				DEBUG_INFORMATION_FORMAT = dwarf;
				ENABLE_STRICT_OBJC_MSGSEND = YES;
				ENABLE_TESTABILITY = YES;
				GCC_C_LANGUAGE_STANDARD = gnu11;
				GCC_DYNAMIC_NO_PIC = NO;
				GCC_NO_COMMON_BLOCKS = YES;
				GCC_OPTIMIZATION_LEVEL = 0;
				GCC_PREPROCESSOR_DEFINITIONS = (
					"DEBUG=1",
					"$(inherited)",
				);
				GCC_WARN_64_TO_32_BIT_CONVERSION = YES;
				GCC_WARN_ABOUT_RETURN_TYPE = YES_ERROR;
				GCC_WARN_UNDECLARED_SELECTOR = YES;
				GCC_WARN_UNINITIALIZED_AUTOS = YES_AGGRESSIVE;
				GCC_WARN_UNUSED_FUNCTION = YES;
				GCC_WARN_UNUSED_VARIABLE = YES;
				IPHONEOS_DEPLOYMENT_TARGET = 15.5;
				MTL_ENABLE_DEBUG_INFO = INCLUDE_SOURCE;
				MTL_FAST_MATH = YES;
				ONLY_ACTIVE_ARCH = YES;
				SDKROOT = iphoneos;
				SWIFT_ACTIVE_COMPILATION_CONDITIONS = DEBUG;
				SWIFT_OPTIMIZATION_LEVEL = "-Onone";
			};
			name = Debug;
		};
		9903BA9E289746100013A5CB /* Release */ = {
			isa = XCBuildConfiguration;
			buildSettings = {
				ALWAYS_SEARCH_USER_PATHS = NO;
				CLANG_ANALYZER_NONNULL = YES;
				CLANG_ANALYZER_NUMBER_OBJECT_CONVERSION = YES_AGGRESSIVE;
				CLANG_CXX_LANGUAGE_STANDARD = "gnu++17";
				CLANG_ENABLE_MODULES = YES;
				CLANG_ENABLE_OBJC_ARC = YES;
				CLANG_ENABLE_OBJC_WEAK = YES;
				CLANG_WARN_BLOCK_CAPTURE_AUTORELEASING = YES;
				CLANG_WARN_BOOL_CONVERSION = YES;
				CLANG_WARN_COMMA = YES;
				CLANG_WARN_CONSTANT_CONVERSION = YES;
				CLANG_WARN_DEPRECATED_OBJC_IMPLEMENTATIONS = YES;
				CLANG_WARN_DIRECT_OBJC_ISA_USAGE = YES_ERROR;
				CLANG_WARN_DOCUMENTATION_COMMENTS = YES;
				CLANG_WARN_EMPTY_BODY = YES;
				CLANG_WARN_ENUM_CONVERSION = YES;
				CLANG_WARN_INFINITE_RECURSION = YES;
				CLANG_WARN_INT_CONVERSION = YES;
				CLANG_WARN_NON_LITERAL_NULL_CONVERSION = YES;
				CLANG_WARN_OBJC_IMPLICIT_RETAIN_SELF = YES;
				CLANG_WARN_OBJC_LITERAL_CONVERSION = YES;
				CLANG_WARN_OBJC_ROOT_CLASS = YES_ERROR;
				CLANG_WARN_QUOTED_INCLUDE_IN_FRAMEWORK_HEADER = YES;
				CLANG_WARN_RANGE_LOOP_ANALYSIS = YES;
				CLANG_WARN_STRICT_PROTOTYPES = YES;
				CLANG_WARN_SUSPICIOUS_MOVE = YES;
				CLANG_WARN_UNGUARDED_AVAILABILITY = YES_AGGRESSIVE;
				CLANG_WARN_UNREACHABLE_CODE = YES;
				CLANG_WARN__DUPLICATE_METHOD_MATCH = YES;
				COPY_PHASE_STRIP = NO;
				DEBUG_INFORMATION_FORMAT = "dwarf-with-dsym";
				ENABLE_NS_ASSERTIONS = NO;
				ENABLE_STRICT_OBJC_MSGSEND = YES;
				GCC_C_LANGUAGE_STANDARD = gnu11;
				GCC_NO_COMMON_BLOCKS = YES;
				GCC_WARN_64_TO_32_BIT_CONVERSION = YES;
				GCC_WARN_ABOUT_RETURN_TYPE = YES_ERROR;
				GCC_WARN_UNDECLARED_SELECTOR = YES;
				GCC_WARN_UNINITIALIZED_AUTOS = YES_AGGRESSIVE;
				GCC_WARN_UNUSED_FUNCTION = YES;
				GCC_WARN_UNUSED_VARIABLE = YES;
				IPHONEOS_DEPLOYMENT_TARGET = 15.5;
				MTL_ENABLE_DEBUG_INFO = NO;
				MTL_FAST_MATH = YES;
				SDKROOT = iphoneos;
				SWIFT_COMPILATION_MODE = wholemodule;
				SWIFT_OPTIMIZATION_LEVEL = "-O";
				VALIDATE_PRODUCT = YES;
			};
			name = Release;
		};
		9903BAA0289746100013A5CB /* Debug */ = {
			isa = XCBuildConfiguration;
			buildSettings = {
				ASSETCATALOG_COMPILER_APPICON_NAME = AppIcon;
				ASSETCATALOG_COMPILER_GLOBAL_ACCENT_COLOR_NAME = AccentColor;
				CODE_SIGN_STYLE = Automatic;
				CURRENT_PROJECT_VERSION = 1;
				DEVELOPMENT_TEAM = ARQ22Y2Z2Z;
				GENERATE_INFOPLIST_FILE = YES;
				INFOPLIST_FILE = githubFollowersApp/Resources/Info.plist;
				INFOPLIST_KEY_UIApplicationSupportsIndirectInputEvents = YES;
				INFOPLIST_KEY_UILaunchStoryboardName = LaunchScreen;
				INFOPLIST_KEY_UISupportedInterfaceOrientations = UIInterfaceOrientationPortrait;
				INFOPLIST_KEY_UISupportedInterfaceOrientations_iPad = "UIInterfaceOrientationPortrait UIInterfaceOrientationPortraitUpsideDown UIInterfaceOrientationLandscapeLeft UIInterfaceOrientationLandscapeRight";
				INFOPLIST_KEY_UISupportedInterfaceOrientations_iPhone = "UIInterfaceOrientationPortrait UIInterfaceOrientationLandscapeLeft UIInterfaceOrientationLandscapeRight";
				LD_RUNPATH_SEARCH_PATHS = (
					"$(inherited)",
					"@executable_path/Frameworks",
				);
				MARKETING_VERSION = 1.0;
				PRODUCT_BUNDLE_IDENTIFIER = com.NamikNamazov.githubFollowersApp;
				PRODUCT_NAME = "$(TARGET_NAME)";
				SWIFT_EMIT_LOC_STRINGS = YES;
				SWIFT_VERSION = 5.0;
				TARGETED_DEVICE_FAMILY = 1;
			};
			name = Debug;
		};
		9903BAA1289746100013A5CB /* Release */ = {
			isa = XCBuildConfiguration;
			buildSettings = {
				ASSETCATALOG_COMPILER_APPICON_NAME = AppIcon;
				ASSETCATALOG_COMPILER_GLOBAL_ACCENT_COLOR_NAME = AccentColor;
				CODE_SIGN_STYLE = Automatic;
				CURRENT_PROJECT_VERSION = 1;
				DEVELOPMENT_TEAM = ARQ22Y2Z2Z;
				GENERATE_INFOPLIST_FILE = YES;
				INFOPLIST_FILE = githubFollowersApp/Resources/Info.plist;
				INFOPLIST_KEY_UIApplicationSupportsIndirectInputEvents = YES;
				INFOPLIST_KEY_UILaunchStoryboardName = LaunchScreen;
				INFOPLIST_KEY_UISupportedInterfaceOrientations = UIInterfaceOrientationPortrait;
				INFOPLIST_KEY_UISupportedInterfaceOrientations_iPad = "UIInterfaceOrientationPortrait UIInterfaceOrientationPortraitUpsideDown UIInterfaceOrientationLandscapeLeft UIInterfaceOrientationLandscapeRight";
				INFOPLIST_KEY_UISupportedInterfaceOrientations_iPhone = "UIInterfaceOrientationPortrait UIInterfaceOrientationLandscapeLeft UIInterfaceOrientationLandscapeRight";
				LD_RUNPATH_SEARCH_PATHS = (
					"$(inherited)",
					"@executable_path/Frameworks",
				);
				MARKETING_VERSION = 1.0;
				PRODUCT_BUNDLE_IDENTIFIER = com.NamikNamazov.githubFollowersApp;
				PRODUCT_NAME = "$(TARGET_NAME)";
				SWIFT_EMIT_LOC_STRINGS = YES;
				SWIFT_VERSION = 5.0;
				TARGETED_DEVICE_FAMILY = 1;
			};
			name = Release;
		};
/* End XCBuildConfiguration section */

/* Begin XCConfigurationList section */
		9903BA862897460F0013A5CB /* Build configuration list for PBXProject "githubFollowersApp" */ = {
			isa = XCConfigurationList;
			buildConfigurations = (
				9903BA9D289746100013A5CB /* Debug */,
				9903BA9E289746100013A5CB /* Release */,
			);
			defaultConfigurationIsVisible = 0;
			defaultConfigurationName = Release;
		};
		9903BA9F289746100013A5CB /* Build configuration list for PBXNativeTarget "githubFollowersApp" */ = {
			isa = XCConfigurationList;
			buildConfigurations = (
				9903BAA0289746100013A5CB /* Debug */,
				9903BAA1289746100013A5CB /* Release */,
			);
			defaultConfigurationIsVisible = 0;
			defaultConfigurationName = Release;
		};
/* End XCConfigurationList section */
	};
	rootObject = 9903BA832897460F0013A5CB /* Project object */;
}
